
Microsoft Visual Studio Solution File, Format Version 12.00
# Visual Studio Version 16
VisualStudioVersion = 16.0.29318.209
MinimumVisualStudioVersion = 10.0.40219.1
Project("{FAE04EC0-301F-11D3-BF4B-00C04F79EFBC}") = "GeocachingApi", "GeocachingApi.csproj", "{29CC9286-1574-4967-9AE2-3A84CC62CAA1}"
EndProject
Project("{FAE04EC0-301F-11D3-BF4B-00C04F79EFBC}") = "GeocachingApi.Repository", "..\GeocachingApi.Repository\GeocachingApi.Repository.csproj", "{04C19FB5-53E8-4580-A219-E17E99544B49}"
EndProject
Global
	GlobalSection(SolutionConfigurationPlatforms) = preSolution
		Debug|Any CPU = Debug|Any CPU
		Release|Any CPU = Release|Any CPU
	EndGlobalSection
	GlobalSection(ProjectConfigurationPlatforms) = postSolution
		{29CC9286-1574-4967-9AE2-3A84CC62CAA1}.Debug|Any CPU.ActiveCfg = Debug|Any CPU
		{29CC9286-1574-4967-9AE2-3A84CC62CAA1}.Debug|Any CPU.Build.0 = Debug|Any CPU
		{29CC9286-1574-4967-9AE2-3A84CC62CAA1}.Release|Any CPU.ActiveCfg = Release|Any CPU
		{29CC9286-1574-4967-9AE2-3A84CC62CAA1}.Release|Any CPU.Build.0 = Release|Any CPU
		{04C19FB5-53E8-4580-A219-E17E99544B49}.Debug|Any CPU.ActiveCfg = Debug|Any CPU
		{04C19FB5-53E8-4580-A219-E17E99544B49}.Debug|Any CPU.Build.0 = Debug|Any CPU
		{04C19FB5-53E8-4580-A219-E17E99544B49}.Release|Any CPU.ActiveCfg = Release|Any CPU
		{04C19FB5-53E8-4580-A219-E17E99544B49}.Release|Any CPU.Build.0 = Release|Any CPU
	EndGlobalSection
	GlobalSection(SolutionProperties) = preSolution
		HideSolutionNode = FALSE
	EndGlobalSection
	GlobalSection(ExtensibilityGlobals) = postSolution
		SolutionGuid = {DB91A622-479F-47D3-BF4A-A239BBB38FA3}
	EndGlobalSection
EndGlobal
